
Microsoft Visual Studio Solution File, Format Version 12.00
# Visual Studio 2013
VisualStudioVersion = 12.0.21005.1
MinimumVisualStudioVersion = 10.0.40219.1
Project("{FAE04EC0-301F-11D3-BF4B-00C04F79EFBC}") = "Auth", "Auth\Auth.csproj", "{3DAF10CF-F559-484F-9C6C-A10FF37FD862}"
EndProject
Project("{FAE04EC0-301F-11D3-BF4B-00C04F79EFBC}") = "DependencyInjection", "DependencyInjection\DependencyInjection.csproj", "{AFCAF70B-807B-42AD-B654-49FB4A853CBD}"
EndProject
Project("{FAE04EC0-301F-11D3-BF4B-00C04F79EFBC}") = "AutoRefreshOnUpdate", "AutoRefreshOnUpdate\AutoRefreshOnUpdate.csproj", "{84B7569E-D191-40ED-B790-8C5F0DEAACAF}"
EndProject
Global
	GlobalSection(SolutionConfigurationPlatforms) = preSolution
		Debug|Any CPU = Debug|Any CPU
		Release|Any CPU = Release|Any CPU
	EndGlobalSection
	GlobalSection(ProjectConfigurationPlatforms) = postSolution
		{3DAF10CF-F559-484F-9C6C-A10FF37FD862}.Debug|Any CPU.ActiveCfg = Debug|Any CPU
		{3DAF10CF-F559-484F-9C6C-A10FF37FD862}.Debug|Any CPU.Build.0 = Debug|Any CPU
		{3DAF10CF-F559-484F-9C6C-A10FF37FD862}.Release|Any CPU.ActiveCfg = Release|Any CPU
		{3DAF10CF-F559-484F-9C6C-A10FF37FD862}.Release|Any CPU.Build.0 = Release|Any CPU
		{AFCAF70B-807B-42AD-B654-49FB4A853CBD}.Debug|Any CPU.ActiveCfg = Debug|Any CPU
		{AFCAF70B-807B-42AD-B654-49FB4A853CBD}.Debug|Any CPU.Build.0 = Debug|Any CPU
		{AFCAF70B-807B-42AD-B654-49FB4A853CBD}.Release|Any CPU.ActiveCfg = Release|Any CPU
		{AFCAF70B-807B-42AD-B654-49FB4A853CBD}.Release|Any CPU.Build.0 = Release|Any CPU
		{84B7569E-D191-40ED-B790-8C5F0DEAACAF}.Debug|Any CPU.ActiveCfg = Debug|Any CPU
		{84B7569E-D191-40ED-B790-8C5F0DEAACAF}.Debug|Any CPU.Build.0 = Debug|Any CPU
		{84B7569E-D191-40ED-B790-8C5F0DEAACAF}.Release|Any CPU.ActiveCfg = Release|Any CPU
		{84B7569E-D191-40ED-B790-8C5F0DEAACAF}.Release|Any CPU.Build.0 = Release|Any CPU
	EndGlobalSection
	GlobalSection(SolutionProperties) = preSolution
		HideSolutionNode = FALSE
	EndGlobalSection
EndGlobal
